// !$*UTF8*$!
{
	archiveVersion = 1;
	classes = {
	};
	objectVersion = 50;
	objects = {

/* Begin PBXBuildFile section */
		3551E886210CF5B2009DF002 /* AppDelegate.swift in Sources */ = {isa = PBXBuildFile; fileRef = 3551E885210CF5B2009DF002 /* AppDelegate.swift */; };
		3551E888210CF5B2009DF002 /* ViewController.swift in Sources */ = {isa = PBXBuildFile; fileRef = 3551E887210CF5B2009DF002 /* ViewController.swift */; };
		3551E88B210CF5B2009DF002 /* Main.storyboard in Resources */ = {isa = PBXBuildFile; fileRef = 3551E889210CF5B2009DF002 /* Main.storyboard */; };
		3551E88D210CF5B5009DF002 /* Assets.xcassets in Resources */ = {isa = PBXBuildFile; fileRef = 3551E88C210CF5B5009DF002 /* Assets.xcassets */; };
		3551E890210CF5B5009DF002 /* LaunchScreen.storyboard in Resources */ = {isa = PBXBuildFile; fileRef = 3551E88E210CF5B5009DF002 /* LaunchScreen.storyboard */; };
		3558A882210F969900934EF5 /* RealmSwift.framework in Frameworks */ = {isa = PBXBuildFile; fileRef = 3558A881210F969900934EF5 /* RealmSwift.framework */; };
		3558A884210F980A00934EF5 /* Realm.framework in Frameworks */ = {isa = PBXBuildFile; fileRef = 3558A883210F980A00934EF5 /* Realm.framework */; };
		3558A886210F980A00934EF5 /* RevealingSplashView.framework in Frameworks */ = {isa = PBXBuildFile; fileRef = 3558A885210F980A00934EF5 /* RevealingSplashView.framework */; };
		3558A888210F980A00934EF5 /* SkyFloatingLabelTextField.framework in Frameworks */ = {isa = PBXBuildFile; fileRef = 3558A887210F980A00934EF5 /* SkyFloatingLabelTextField.framework */; };
		356A58FA210D9B22003C20BB /* LaunchViewController.swift in Sources */ = {isa = PBXBuildFile; fileRef = 356A58F9210D9B22003C20BB /* LaunchViewController.swift */; };
		356A58FC210D9E3F003C20BB /* CustomNaviController.swift in Sources */ = {isa = PBXBuildFile; fileRef = 356A58FB210D9E3F003C20BB /* CustomNaviController.swift */; };
		356A5904210DD35B003C20BB /* Hex.swift in Sources */ = {isa = PBXBuildFile; fileRef = 356A5903210DD35B003C20BB /* Hex.swift */; };
		356A5906210DE312003C20BB /* FoodList.swift in Sources */ = {isa = PBXBuildFile; fileRef = 356A5905210DE312003C20BB /* FoodList.swift */; };
		356A590D210E1095003C20BB /* NotificationCenter.framework in Frameworks */ = {isa = PBXBuildFile; fileRef = 356A590C210E1095003C20BB /* NotificationCenter.framework */; };
		356A5921210E469E003C20BB /* Helper.swift in Sources */ = {isa = PBXBuildFile; fileRef = 356A5920210E469E003C20BB /* Helper.swift */; };
		356A5923210EE8AA003C20BB /* HistoryViewController.swift in Sources */ = {isa = PBXBuildFile; fileRef = 356A5922210EE8A9003C20BB /* HistoryViewController.swift */; };
		358696F32163DC6000D5B80F /* History.storyboard in Resources */ = {isa = PBXBuildFile; fileRef = 358696F22163DC6000D5B80F /* History.storyboard */; };
		35A5E4AA210CFA94002A1957 /* MainListTableViewCell.swift in Sources */ = {isa = PBXBuildFile; fileRef = 35A5E4A9210CFA94002A1957 /* MainListTableViewCell.swift */; };
		35A5E4AC210CFB04002A1957 /* MainList.swift in Sources */ = {isa = PBXBuildFile; fileRef = 35A5E4AB210CFB04002A1957 /* MainList.swift */; };
		35A5E4AE210CFB97002A1957 /* AddListViewController.swift in Sources */ = {isa = PBXBuildFile; fileRef = 35A5E4AD210CFB97002A1957 /* AddListViewController.swift */; };
		35E0FBF921E726B7001DCE39 /* BackView.swift in Sources */ = {isa = PBXBuildFile; fileRef = 35E0FBF821E726B7001DCE39 /* BackView.swift */; };
		66F9CA9836D0D978F3A38BBB /* Pods_FoodFighter.framework in Frameworks */ = {isa = PBXBuildFile; fileRef = 64ECEB34A89784D9FA4BAFB8 /* Pods_FoodFighter.framework */; };
		6A198CC6220C89D0002421AC /* Extension+UIView.swift in Sources */ = {isa = PBXBuildFile; fileRef = 6A198CC5220C89D0002421AC /* Extension+UIView.swift */; };
		6A247DF0226D5D34007BEC82 /* String.swift in Sources */ = {isa = PBXBuildFile; fileRef = 6A247DEF226D5D34007BEC82 /* String.swift */; };
		6A247DF2226D6303007BEC82 /* Enum+Category.swift in Sources */ = {isa = PBXBuildFile; fileRef = 6A247DF1226D6303007BEC82 /* Enum+Category.swift */; };
		6AF22867227058D800937674 /* Reusable.swift in Sources */ = {isa = PBXBuildFile; fileRef = 6AF22866227058D800937674 /* Reusable.swift */; };
/* End PBXBuildFile section */

/* Begin PBXFileReference section */
		3551E882210CF5B2009DF002 /* FoodFighter.app */ = {isa = PBXFileReference; explicitFileType = wrapper.application; includeInIndex = 0; path = FoodFighter.app; sourceTree = BUILT_PRODUCTS_DIR; };
		3551E885210CF5B2009DF002 /* AppDelegate.swift */ = {isa = PBXFileReference; lastKnownFileType = sourcecode.swift; path = AppDelegate.swift; sourceTree = "<group>"; };
		3551E887210CF5B2009DF002 /* ViewController.swift */ = {isa = PBXFileReference; lastKnownFileType = sourcecode.swift; path = ViewController.swift; sourceTree = "<group>"; };
		3551E88A210CF5B2009DF002 /* Base */ = {isa = PBXFileReference; lastKnownFileType = file.storyboard; name = Base; path = Base.lproj/Main.storyboard; sourceTree = "<group>"; };
		3551E88C210CF5B5009DF002 /* Assets.xcassets */ = {isa = PBXFileReference; lastKnownFileType = folder.assetcatalog; path = Assets.xcassets; sourceTree = "<group>"; };
		3551E88F210CF5B5009DF002 /* Base */ = {isa = PBXFileReference; lastKnownFileType = file.storyboard; name = Base; path = Base.lproj/LaunchScreen.storyboard; sourceTree = "<group>"; };
		3551E891210CF5B5009DF002 /* Info.plist */ = {isa = PBXFileReference; lastKnownFileType = text.plist.xml; path = Info.plist; sourceTree = "<group>"; };
		3558A881210F969900934EF5 /* RealmSwift.framework */ = {isa = PBXFileReference; explicitFileType = wrapper.framework; path = RealmSwift.framework; sourceTree = BUILT_PRODUCTS_DIR; };
		3558A883210F980A00934EF5 /* Realm.framework */ = {isa = PBXFileReference; explicitFileType = wrapper.framework; path = Realm.framework; sourceTree = BUILT_PRODUCTS_DIR; };
		3558A885210F980A00934EF5 /* RevealingSplashView.framework */ = {isa = PBXFileReference; explicitFileType = wrapper.framework; path = RevealingSplashView.framework; sourceTree = BUILT_PRODUCTS_DIR; };
		3558A887210F980A00934EF5 /* SkyFloatingLabelTextField.framework */ = {isa = PBXFileReference; explicitFileType = wrapper.framework; path = SkyFloatingLabelTextField.framework; sourceTree = BUILT_PRODUCTS_DIR; };
		3558A889210F980A00934EF5 /* SwipeCellKit.framework */ = {isa = PBXFileReference; explicitFileType = wrapper.framework; path = SwipeCellKit.framework; sourceTree = BUILT_PRODUCTS_DIR; };
		356A58F9210D9B22003C20BB /* LaunchViewController.swift */ = {isa = PBXFileReference; lastKnownFileType = sourcecode.swift; path = LaunchViewController.swift; sourceTree = "<group>"; };
		356A58FB210D9E3F003C20BB /* CustomNaviController.swift */ = {isa = PBXFileReference; lastKnownFileType = sourcecode.swift; path = CustomNaviController.swift; sourceTree = "<group>"; };
		356A5903210DD35B003C20BB /* Hex.swift */ = {isa = PBXFileReference; lastKnownFileType = sourcecode.swift; path = Hex.swift; sourceTree = "<group>"; };
		356A5905210DE312003C20BB /* FoodList.swift */ = {isa = PBXFileReference; lastKnownFileType = sourcecode.swift; path = FoodList.swift; sourceTree = "<group>"; };
		356A590B210E1094003C20BB /* extension.appex */ = {isa = PBXFileReference; explicitFileType = "wrapper.app-extension"; includeInIndex = 0; path = extension.appex; sourceTree = BUILT_PRODUCTS_DIR; };
		356A590C210E1095003C20BB /* NotificationCenter.framework */ = {isa = PBXFileReference; lastKnownFileType = wrapper.framework; name = NotificationCenter.framework; path = System/Library/Frameworks/NotificationCenter.framework; sourceTree = SDKROOT; };
		356A5920210E469E003C20BB /* Helper.swift */ = {isa = PBXFileReference; lastKnownFileType = sourcecode.swift; name = Helper.swift; path = FoodFighter/Helper/Helper.swift; sourceTree = SOURCE_ROOT; };
		356A5922210EE8A9003C20BB /* HistoryViewController.swift */ = {isa = PBXFileReference; lastKnownFileType = sourcecode.swift; path = HistoryViewController.swift; sourceTree = "<group>"; };
		358696F22163DC6000D5B80F /* History.storyboard */ = {isa = PBXFileReference; lastKnownFileType = file.storyboard; path = History.storyboard; sourceTree = "<group>"; };
		35A5E4A9210CFA94002A1957 /* MainListTableViewCell.swift */ = {isa = PBXFileReference; lastKnownFileType = sourcecode.swift; path = MainListTableViewCell.swift; sourceTree = "<group>"; };
		35A5E4AB210CFB04002A1957 /* MainList.swift */ = {isa = PBXFileReference; lastKnownFileType = sourcecode.swift; path = MainList.swift; sourceTree = "<group>"; };
		35A5E4AD210CFB97002A1957 /* AddListViewController.swift */ = {isa = PBXFileReference; lastKnownFileType = sourcecode.swift; path = AddListViewController.swift; sourceTree = "<group>"; };
		35E0FBF821E726B7001DCE39 /* BackView.swift */ = {isa = PBXFileReference; lastKnownFileType = sourcecode.swift; path = BackView.swift; sourceTree = "<group>"; };
		64ECEB34A89784D9FA4BAFB8 /* Pods_FoodFighter.framework */ = {isa = PBXFileReference; explicitFileType = wrapper.framework; includeInIndex = 0; path = Pods_FoodFighter.framework; sourceTree = BUILT_PRODUCTS_DIR; };
		6A198CC5220C89D0002421AC /* Extension+UIView.swift */ = {isa = PBXFileReference; lastKnownFileType = sourcecode.swift; path = "Extension+UIView.swift"; sourceTree = "<group>"; };
		6A247DEF226D5D34007BEC82 /* String.swift */ = {isa = PBXFileReference; lastKnownFileType = sourcecode.swift; path = String.swift; sourceTree = "<group>"; };
		6A247DF1226D6303007BEC82 /* Enum+Category.swift */ = {isa = PBXFileReference; lastKnownFileType = sourcecode.swift; path = "Enum+Category.swift"; sourceTree = "<group>"; };
		6AF22866227058D800937674 /* Reusable.swift */ = {isa = PBXFileReference; lastKnownFileType = sourcecode.swift; path = Reusable.swift; sourceTree = "<group>"; };
		8CCA409AA3442F8B3925F450 /* Pods-FoodFighter.release.xcconfig */ = {isa = PBXFileReference; includeInIndex = 1; lastKnownFileType = text.xcconfig; name = "Pods-FoodFighter.release.xcconfig"; path = "Pods/Target Support Files/Pods-FoodFighter/Pods-FoodFighter.release.xcconfig"; sourceTree = "<group>"; };
		ED3FA5A36F903D9B9ECDE1E3 /* Pods-FoodFighter.debug.xcconfig */ = {isa = PBXFileReference; includeInIndex = 1; lastKnownFileType = text.xcconfig; name = "Pods-FoodFighter.debug.xcconfig"; path = "Pods/Target Support Files/Pods-FoodFighter/Pods-FoodFighter.debug.xcconfig"; sourceTree = "<group>"; };
/* End PBXFileReference section */

/* Begin PBXFrameworksBuildPhase section */
		3551E87F210CF5B2009DF002 /* Frameworks */ = {
			isa = PBXFrameworksBuildPhase;
			buildActionMask = 2147483647;
			files = (
				3558A884210F980A00934EF5 /* Realm.framework in Frameworks */,
				3558A886210F980A00934EF5 /* RevealingSplashView.framework in Frameworks */,
				3558A888210F980A00934EF5 /* SkyFloatingLabelTextField.framework in Frameworks */,
				3558A882210F969900934EF5 /* RealmSwift.framework in Frameworks */,
				66F9CA9836D0D978F3A38BBB /* Pods_FoodFighter.framework in Frameworks */,
			);
			runOnlyForDeploymentPostprocessing = 0;
		};
		356A5908210E1094003C20BB /* Frameworks */ = {
			isa = PBXFrameworksBuildPhase;
			buildActionMask = 2147483647;
			files = (
				356A590D210E1095003C20BB /* NotificationCenter.framework in Frameworks */,
			);
			runOnlyForDeploymentPostprocessing = 0;
		};
/* End PBXFrameworksBuildPhase section */

/* Begin PBXGroup section */
		3551E879210CF5B2009DF002 = {
			isa = PBXGroup;
			children = (
				3551E884210CF5B2009DF002 /* FoodFighter */,
				3551E883210CF5B2009DF002 /* Products */,
				D7BCE26B8A824EFAE02D1503 /* Frameworks */,
				F00B939A584BE4F587A50A61 /* Pods */,
			);
			sourceTree = "<group>";
		};
		3551E883210CF5B2009DF002 /* Products */ = {
			isa = PBXGroup;
			children = (
				3551E882210CF5B2009DF002 /* FoodFighter.app */,
				356A590B210E1094003C20BB /* extension.appex */,
			);
			name = Products;
			sourceTree = "<group>";
		};
		3551E884210CF5B2009DF002 /* FoodFighter */ = {
			isa = PBXGroup;
			children = (
				358696F12163DC4000D5B80F /* History */,
				358696F02163DC3300D5B80F /* Main */,
				3558A880210F14E000934EF5 /* Helper */,
				3551E885210CF5B2009DF002 /* AppDelegate.swift */,
				3551E88C210CF5B5009DF002 /* Assets.xcassets */,
				3551E88E210CF5B5009DF002 /* LaunchScreen.storyboard */,
				3551E891210CF5B5009DF002 /* Info.plist */,
			);
			path = FoodFighter;
			sourceTree = "<group>";
		};
		3558A87E210F14B000934EF5 /* View */ = {
			isa = PBXGroup;
			children = (
				3551E889210CF5B2009DF002 /* Main.storyboard */,
				35A5E4A9210CFA94002A1957 /* MainListTableViewCell.swift */,
			);
			path = View;
			sourceTree = "<group>";
		};
		3558A87F210F14CC00934EF5 /* Controller */ = {
			isa = PBXGroup;
			children = (
				3551E887210CF5B2009DF002 /* ViewController.swift */,
				35A5E4AD210CFB97002A1957 /* AddListViewController.swift */,
				356A58FB210D9E3F003C20BB /* CustomNaviController.swift */,
				356A58F9210D9B22003C20BB /* LaunchViewController.swift */,
			);
			path = Controller;
			sourceTree = "<group>";
		};
		3558A880210F14E000934EF5 /* Helper */ = {
			isa = PBXGroup;
			children = (
				356A5920210E469E003C20BB /* Helper.swift */,
				356A5903210DD35B003C20BB /* Hex.swift */,
				35E0FBF821E726B7001DCE39 /* BackView.swift */,
				6A198CC5220C89D0002421AC /* Extension+UIView.swift */,
				6A247DEF226D5D34007BEC82 /* String.swift */,
				6A247DF1226D6303007BEC82 /* Enum+Category.swift */,
				6AF22866227058D800937674 /* Reusable.swift */,
			);
			path = Helper;
			sourceTree = "<group>";
		};
		358696F02163DC3300D5B80F /* Main */ = {
			isa = PBXGroup;
			children = (
				35A5E4A8210CF8FF002A1957 /* Model */,
				3558A87E210F14B000934EF5 /* View */,
				3558A87F210F14CC00934EF5 /* Controller */,
			);
			path = Main;
			sourceTree = "<group>";
		};
		358696F12163DC4000D5B80F /* History */ = {
			isa = PBXGroup;
			children = (
				358696F52163DC6900D5B80F /* Controller */,
				358696F42163DC6500D5B80F /* View */,
			);
			path = History;
			sourceTree = "<group>";
		};
		358696F42163DC6500D5B80F /* View */ = {
			isa = PBXGroup;
			children = (
				358696F22163DC6000D5B80F /* History.storyboard */,
			);
			path = View;
			sourceTree = "<group>";
		};
		358696F52163DC6900D5B80F /* Controller */ = {
			isa = PBXGroup;
			children = (
				356A5922210EE8A9003C20BB /* HistoryViewController.swift */,
			);
			path = Controller;
			sourceTree = "<group>";
		};
		35A5E4A8210CF8FF002A1957 /* Model */ = {
			isa = PBXGroup;
			children = (
				35A5E4AB210CFB04002A1957 /* MainList.swift */,
				356A5905210DE312003C20BB /* FoodList.swift */,
			);
			path = Model;
			sourceTree = "<group>";
		};
		D7BCE26B8A824EFAE02D1503 /* Frameworks */ = {
			isa = PBXGroup;
			children = (
				3558A883210F980A00934EF5 /* Realm.framework */,
				3558A885210F980A00934EF5 /* RevealingSplashView.framework */,
				3558A887210F980A00934EF5 /* SkyFloatingLabelTextField.framework */,
				3558A889210F980A00934EF5 /* SwipeCellKit.framework */,
				3558A881210F969900934EF5 /* RealmSwift.framework */,
				356A590C210E1095003C20BB /* NotificationCenter.framework */,
				64ECEB34A89784D9FA4BAFB8 /* Pods_FoodFighter.framework */,
			);
			name = Frameworks;
			sourceTree = "<group>";
		};
		F00B939A584BE4F587A50A61 /* Pods */ = {
			isa = PBXGroup;
			children = (
				ED3FA5A36F903D9B9ECDE1E3 /* Pods-FoodFighter.debug.xcconfig */,
				8CCA409AA3442F8B3925F450 /* Pods-FoodFighter.release.xcconfig */,
			);
			name = Pods;
			sourceTree = "<group>";
		};
/* End PBXGroup section */

/* Begin PBXNativeTarget section */
		3551E881210CF5B2009DF002 /* FoodFighter */ = {
			isa = PBXNativeTarget;
			buildConfigurationList = 3551E894210CF5B5009DF002 /* Build configuration list for PBXNativeTarget "FoodFighter" */;
			buildPhases = (
				9629BBD73DBDF1E1D4EBFE21 /* [CP] Check Pods Manifest.lock */,
				3551E87E210CF5B2009DF002 /* Sources */,
				3551E87F210CF5B2009DF002 /* Frameworks */,
				3551E880210CF5B2009DF002 /* Resources */,
				E2FC4B80288E66DB9CDF10D6 /* [CP] Embed Pods Frameworks */,
				A3E0C175FEC13ACBC6150B6F /* [CP] Copy Pods Resources */,
			);
			buildRules = (
			);
			dependencies = (
			);
			name = FoodFighter;
			productName = FoodFighter;
			productReference = 3551E882210CF5B2009DF002 /* FoodFighter.app */;
			productType = "com.apple.product-type.application";
		};
		356A590A210E1094003C20BB /* extension */ = {
			isa = PBXNativeTarget;
			buildConfigurationList = 356A5918210E1095003C20BB /* Build configuration list for PBXNativeTarget "extension" */;
			buildPhases = (
				356A5907210E1094003C20BB /* Sources */,
				356A5908210E1094003C20BB /* Frameworks */,
				356A5909210E1094003C20BB /* Resources */,
			);
			buildRules = (
			);
			dependencies = (
			);
			name = extension;
			productName = extension;
			productReference = 356A590B210E1094003C20BB /* extension.appex */;
			productType = "com.apple.product-type.app-extension";
		};
/* End PBXNativeTarget section */

/* Begin PBXProject section */
		3551E87A210CF5B2009DF002 /* Project object */ = {
			isa = PBXProject;
			attributes = {
				LastSwiftUpdateCheck = 0930;
				LastUpgradeCheck = 0930;
				ORGANIZATIONNAME = hyerikim;
				TargetAttributes = {
					3551E881210CF5B2009DF002 = {
						CreatedOnToolsVersion = 9.3.1;
						SystemCapabilities = {
							com.apple.ApplicationGroups.iOS = {
								enabled = 0;
							};
						};
					};
					356A590A210E1094003C20BB = {
						CreatedOnToolsVersion = 9.3.1;
						SystemCapabilities = {
							com.apple.ApplicationGroups.iOS = {
								enabled = 0;
							};
						};
					};
				};
			};
			buildConfigurationList = 3551E87D210CF5B2009DF002 /* Build configuration list for PBXProject "FoodFighter" */;
			compatibilityVersion = "Xcode 9.3";
			developmentRegion = en;
			hasScannedForEncodings = 0;
			knownRegions = (
				en,
				Base,
			);
			mainGroup = 3551E879210CF5B2009DF002;
			productRefGroup = 3551E883210CF5B2009DF002 /* Products */;
			projectDirPath = "";
			projectRoot = "";
			targets = (
				3551E881210CF5B2009DF002 /* FoodFighter */,
				356A590A210E1094003C20BB /* extension */,
			);
		};
/* End PBXProject section */

/* Begin PBXResourcesBuildPhase section */
		3551E880210CF5B2009DF002 /* Resources */ = {
			isa = PBXResourcesBuildPhase;
			buildActionMask = 2147483647;
			files = (
				3551E890210CF5B5009DF002 /* LaunchScreen.storyboard in Resources */,
				3551E88D210CF5B5009DF002 /* Assets.xcassets in Resources */,
				3551E88B210CF5B2009DF002 /* Main.storyboard in Resources */,
				358696F32163DC6000D5B80F /* History.storyboard in Resources */,
			);
			runOnlyForDeploymentPostprocessing = 0;
		};
		356A5909210E1094003C20BB /* Resources */ = {
			isa = PBXResourcesBuildPhase;
			buildActionMask = 2147483647;
			files = (
			);
			runOnlyForDeploymentPostprocessing = 0;
		};
/* End PBXResourcesBuildPhase section */

/* Begin PBXShellScriptBuildPhase section */
		9629BBD73DBDF1E1D4EBFE21 /* [CP] Check Pods Manifest.lock */ = {
			isa = PBXShellScriptBuildPhase;
			buildActionMask = 2147483647;
			files = (
			);
			inputPaths = (
				"${PODS_PODFILE_DIR_PATH}/Podfile.lock",
				"${PODS_ROOT}/Manifest.lock",
			);
			name = "[CP] Check Pods Manifest.lock";
			outputPaths = (
				"$(DERIVED_FILE_DIR)/Pods-FoodFighter-checkManifestLockResult.txt",
			);
			runOnlyForDeploymentPostprocessing = 0;
			shellPath = /bin/sh;
			shellScript = "diff \"${PODS_PODFILE_DIR_PATH}/Podfile.lock\" \"${PODS_ROOT}/Manifest.lock\" > /dev/null\nif [ $? != 0 ] ; then\n    # print error to STDERR\n    echo \"error: The sandbox is not in sync with the Podfile.lock. Run 'pod install' or update your CocoaPods installation.\" >&2\n    exit 1\nfi\n# This output is used by Xcode 'outputs' to avoid re-running this script phase.\necho \"SUCCESS\" > \"${SCRIPT_OUTPUT_FILE_0}\"\n";
			showEnvVarsInLog = 0;
		};
		A3E0C175FEC13ACBC6150B6F /* [CP] Copy Pods Resources */ = {
			isa = PBXShellScriptBuildPhase;
			buildActionMask = 2147483647;
			files = (
			);
			inputPaths = (
			);
			name = "[CP] Copy Pods Resources";
			outputPaths = (
			);
			runOnlyForDeploymentPostprocessing = 0;
			shellPath = /bin/sh;
			shellScript = "\"${SRCROOT}/Pods/Target Support Files/Pods-FoodFighter/Pods-FoodFighter-resources.sh\"\n";
			showEnvVarsInLog = 0;
		};
		E2FC4B80288E66DB9CDF10D6 /* [CP] Embed Pods Frameworks */ = {
			isa = PBXShellScriptBuildPhase;
			buildActionMask = 2147483647;
			files = (
			);
			inputPaths = (
				"${SRCROOT}/Pods/Target Support Files/Pods-FoodFighter/Pods-FoodFighter-frameworks.sh",
				"${BUILT_PRODUCTS_DIR}/Realm/Realm.framework",
				"${BUILT_PRODUCTS_DIR}/RealmSwift/RealmSwift.framework",
				"${BUILT_PRODUCTS_DIR}/RevealingSplashView/RevealingSplashView.framework",
				"${BUILT_PRODUCTS_DIR}/SkyFloatingLabelTextField/SkyFloatingLabelTextField.framework",
			);
			name = "[CP] Embed Pods Frameworks";
			outputPaths = (
				"${TARGET_BUILD_DIR}/${FRAMEWORKS_FOLDER_PATH}/Realm.framework",
				"${TARGET_BUILD_DIR}/${FRAMEWORKS_FOLDER_PATH}/RealmSwift.framework",
				"${TARGET_BUILD_DIR}/${FRAMEWORKS_FOLDER_PATH}/RevealingSplashView.framework",
				"${TARGET_BUILD_DIR}/${FRAMEWORKS_FOLDER_PATH}/SkyFloatingLabelTextField.framework",
			);
			runOnlyForDeploymentPostprocessing = 0;
			shellPath = /bin/sh;
			shellScript = "\"${SRCROOT}/Pods/Target Support Files/Pods-FoodFighter/Pods-FoodFighter-frameworks.sh\"\n";
			showEnvVarsInLog = 0;
		};
/* End PBXShellScriptBuildPhase section */

/* Begin PBXSourcesBuildPhase section */
		3551E87E210CF5B2009DF002 /* Sources */ = {
			isa = PBXSourcesBuildPhase;
			buildActionMask = 2147483647;
			files = (
				356A5921210E469E003C20BB /* Helper.swift in Sources */,
				6A247DF2226D6303007BEC82 /* Enum+Category.swift in Sources */,
				356A58FC210D9E3F003C20BB /* CustomNaviController.swift in Sources */,
				6A198CC6220C89D0002421AC /* Extension+UIView.swift in Sources */,
				356A5904210DD35B003C20BB /* Hex.swift in Sources */,
				6A247DF0226D5D34007BEC82 /* String.swift in Sources */,
				3551E888210CF5B2009DF002 /* ViewController.swift in Sources */,
				356A5906210DE312003C20BB /* FoodList.swift in Sources */,
				356A5923210EE8AA003C20BB /* HistoryViewController.swift in Sources */,
				356A58FA210D9B22003C20BB /* LaunchViewController.swift in Sources */,
				35A5E4AE210CFB97002A1957 /* AddListViewController.swift in Sources */,
				35A5E4AA210CFA94002A1957 /* MainListTableViewCell.swift in Sources */,
				6AF22867227058D800937674 /* Reusable.swift in Sources */,
				35A5E4AC210CFB04002A1957 /* MainList.swift in Sources */,
				35E0FBF921E726B7001DCE39 /* BackView.swift in Sources */,
				3551E886210CF5B2009DF002 /* AppDelegate.swift in Sources */,
			);
			runOnlyForDeploymentPostprocessing = 0;
		};
		356A5907210E1094003C20BB /* Sources */ = {
			isa = PBXSourcesBuildPhase;
			buildActionMask = 2147483647;
			files = (
			);
			runOnlyForDeploymentPostprocessing = 0;
		};
/* End PBXSourcesBuildPhase section */

/* Begin PBXVariantGroup section */
		3551E889210CF5B2009DF002 /* Main.storyboard */ = {
			isa = PBXVariantGroup;
			children = (
				3551E88A210CF5B2009DF002 /* Base */,
			);
			name = Main.storyboard;
			sourceTree = "<group>";
		};
		3551E88E210CF5B5009DF002 /* LaunchScreen.storyboard */ = {
			isa = PBXVariantGroup;
			children = (
				3551E88F210CF5B5009DF002 /* Base */,
			);
			name = LaunchScreen.storyboard;
			sourceTree = "<group>";
		};
/* End PBXVariantGroup section */

/* Begin XCBuildConfiguration section */
		3551E892210CF5B5009DF002 /* Debug */ = {
			isa = XCBuildConfiguration;
			buildSettings = {
				ALWAYS_SEARCH_USER_PATHS = NO;
				CLANG_ANALYZER_NONNULL = YES;
				CLANG_ANALYZER_NUMBER_OBJECT_CONVERSION = YES_AGGRESSIVE;
				CLANG_CXX_LANGUAGE_STANDARD = "gnu++14";
				CLANG_CXX_LIBRARY = "libc++";
				CLANG_ENABLE_MODULES = YES;
				CLANG_ENABLE_OBJC_ARC = YES;
				CLANG_ENABLE_OBJC_WEAK = YES;
				CLANG_WARN_BLOCK_CAPTURE_AUTORELEASING = YES;
				CLANG_WARN_BOOL_CONVERSION = YES;
				CLANG_WARN_COMMA = YES;
				CLANG_WARN_CONSTANT_CONVERSION = YES;
				CLANG_WARN_DEPRECATED_OBJC_IMPLEMENTATIONS = YES;
				CLANG_WARN_DIRECT_OBJC_ISA_USAGE = YES_ERROR;
				CLANG_WARN_DOCUMENTATION_COMMENTS = YES;
				CLANG_WARN_EMPTY_BODY = YES;
				CLANG_WARN_ENUM_CONVERSION = YES;
				CLANG_WARN_INFINITE_RECURSION = YES;
				CLANG_WARN_INT_CONVERSION = YES;
				CLANG_WARN_NON_LITERAL_NULL_CONVERSION = YES;
				CLANG_WARN_OBJC_IMPLICIT_RETAIN_SELF = YES;
				CLANG_WARN_OBJC_LITERAL_CONVERSION = YES;
				CLANG_WARN_OBJC_ROOT_CLASS = YES_ERROR;
				CLANG_WARN_RANGE_LOOP_ANALYSIS = YES;
				CLANG_WARN_STRICT_PROTOTYPES = YES;
				CLANG_WARN_SUSPICIOUS_MOVE = YES;
				CLANG_WARN_UNGUARDED_AVAILABILITY = YES_AGGRESSIVE;
				CLANG_WARN_UNREACHABLE_CODE = YES;
				CLANG_WARN__DUPLICATE_METHOD_MATCH = YES;
				CODE_SIGN_IDENTITY = "iPhone Developer";
				COPY_PHASE_STRIP = NO;
				DEBUG_INFORMATION_FORMAT = dwarf;
				ENABLE_STRICT_OBJC_MSGSEND = YES;
				ENABLE_TESTABILITY = YES;
				GCC_C_LANGUAGE_STANDARD = gnu11;
				GCC_DYNAMIC_NO_PIC = NO;
				GCC_NO_COMMON_BLOCKS = YES;
				GCC_OPTIMIZATION_LEVEL = 0;
				GCC_PREPROCESSOR_DEFINITIONS = (
					"DEBUG=1",
					"$(inherited)",
				);
				GCC_WARN_64_TO_32_BIT_CONVERSION = YES;
				GCC_WARN_ABOUT_RETURN_TYPE = YES_ERROR;
				GCC_WARN_UNDECLARED_SELECTOR = YES;
				GCC_WARN_UNINITIALIZED_AUTOS = YES_AGGRESSIVE;
				GCC_WARN_UNUSED_FUNCTION = YES;
				GCC_WARN_UNUSED_VARIABLE = YES;
				IPHONEOS_DEPLOYMENT_TARGET = 11.3;
				MTL_ENABLE_DEBUG_INFO = YES;
				ONLY_ACTIVE_ARCH = YES;
				SDKROOT = iphoneos;
				SWIFT_ACTIVE_COMPILATION_CONDITIONS = DEBUG;
				SWIFT_OPTIMIZATION_LEVEL = "-Onone";
			};
			name = Debug;
		};
		3551E893210CF5B5009DF002 /* Release */ = {
			isa = XCBuildConfiguration;
			buildSettings = {
				ALWAYS_SEARCH_USER_PATHS = NO;
				CLANG_ANALYZER_NONNULL = YES;
				CLANG_ANALYZER_NUMBER_OBJECT_CONVERSION = YES_AGGRESSIVE;
				CLANG_CXX_LANGUAGE_STANDARD = "gnu++14";
				CLANG_CXX_LIBRARY = "libc++";
				CLANG_ENABLE_MODULES = YES;
				CLANG_ENABLE_OBJC_ARC = YES;
				CLANG_ENABLE_OBJC_WEAK = YES;
				CLANG_WARN_BLOCK_CAPTURE_AUTORELEASING = YES;
				CLANG_WARN_BOOL_CONVERSION = YES;
				CLANG_WARN_COMMA = YES;
				CLANG_WARN_CONSTANT_CONVERSION = YES;
				CLANG_WARN_DEPRECATED_OBJC_IMPLEMENTATIONS = YES;
				CLANG_WARN_DIRECT_OBJC_ISA_USAGE = YES_ERROR;
				CLANG_WARN_DOCUMENTATION_COMMENTS = YES;
				CLANG_WARN_EMPTY_BODY = YES;
				CLANG_WARN_ENUM_CONVERSION = YES;
				CLANG_WARN_INFINITE_RECURSION = YES;
				CLANG_WARN_INT_CONVERSION = YES;
				CLANG_WARN_NON_LITERAL_NULL_CONVERSION = YES;
				CLANG_WARN_OBJC_IMPLICIT_RETAIN_SELF = YES;
				CLANG_WARN_OBJC_LITERAL_CONVERSION = YES;
				CLANG_WARN_OBJC_ROOT_CLASS = YES_ERROR;
				CLANG_WARN_RANGE_LOOP_ANALYSIS = YES;
				CLANG_WARN_STRICT_PROTOTYPES = YES;
				CLANG_WARN_SUSPICIOUS_MOVE = YES;
				CLANG_WARN_UNGUARDED_AVAILABILITY = YES_AGGRESSIVE;
				CLANG_WARN_UNREACHABLE_CODE = YES;
				CLANG_WARN__DUPLICATE_METHOD_MATCH = YES;
				CODE_SIGN_IDENTITY = "iPhone Developer";
				COPY_PHASE_STRIP = NO;
				DEBUG_INFORMATION_FORMAT = "dwarf-with-dsym";
				ENABLE_NS_ASSERTIONS = NO;
				ENABLE_STRICT_OBJC_MSGSEND = YES;
				GCC_C_LANGUAGE_STANDARD = gnu11;
				GCC_NO_COMMON_BLOCKS = YES;
				GCC_WARN_64_TO_32_BIT_CONVERSION = YES;
				GCC_WARN_ABOUT_RETURN_TYPE = YES_ERROR;
				GCC_WARN_UNDECLARED_SELECTOR = YES;
				GCC_WARN_UNINITIALIZED_AUTOS = YES_AGGRESSIVE;
				GCC_WARN_UNUSED_FUNCTION = YES;
				GCC_WARN_UNUSED_VARIABLE = YES;
				IPHONEOS_DEPLOYMENT_TARGET = 11.3;
				MTL_ENABLE_DEBUG_INFO = NO;
				SDKROOT = iphoneos;
				SWIFT_COMPILATION_MODE = wholemodule;
				SWIFT_OPTIMIZATION_LEVEL = "-O";
				VALIDATE_PRODUCT = YES;
			};
			name = Release;
		};
		3551E895210CF5B5009DF002 /* Debug */ = {
			isa = XCBuildConfiguration;
			baseConfigurationReference = ED3FA5A36F903D9B9ECDE1E3 /* Pods-FoodFighter.debug.xcconfig */;
			buildSettings = {
				ASSETCATALOG_COMPILER_APPICON_NAME = AppIcon;
				CODE_SIGN_IDENTITY = "iPhone Developer";
				CODE_SIGN_STYLE = Automatic;
				DEVELOPMENT_TEAM = H92U9KV5T2;
				INFOPLIST_FILE = FoodFighter/Info.plist;
				IPHONEOS_DEPLOYMENT_TARGET = 11.0;
				LD_RUNPATH_SEARCH_PATHS = (
					"$(inherited)",
					"@executable_path/Frameworks",
				);
				PRODUCT_BUNDLE_IDENTIFIER = com.hyeri.FoodFighter;
				PRODUCT_NAME = "$(TARGET_NAME)";
				PROVISIONING_PROFILE_SPECIFIER = "";
				SWIFT_VERSION = 4.0;
				TARGETED_DEVICE_FAMILY = 1;
			};
			name = Debug;
		};
		3551E896210CF5B5009DF002 /* Release */ = {
			isa = XCBuildConfiguration;
			baseConfigurationReference = 8CCA409AA3442F8B3925F450 /* Pods-FoodFighter.release.xcconfig */;
			buildSettings = {
				ASSETCATALOG_COMPILER_APPICON_NAME = AppIcon;
				CODE_SIGN_IDENTITY = "iPhone Developer";
				CODE_SIGN_STYLE = Automatic;
				DEVELOPMENT_TEAM = H92U9KV5T2;
				INFOPLIST_FILE = FoodFighter/Info.plist;
				IPHONEOS_DEPLOYMENT_TARGET = 11.0;
				LD_RUNPATH_SEARCH_PATHS = (
					"$(inherited)",
					"@executable_path/Frameworks",
				);
				PRODUCT_BUNDLE_IDENTIFIER = com.hyeri.FoodFighter;
				PRODUCT_NAME = "$(TARGET_NAME)";
				PROVISIONING_PROFILE_SPECIFIER = "";
				SWIFT_VERSION = 4.0;
				TARGETED_DEVICE_FAMILY = 1;
			};
			name = Release;
		};
		356A5919210E1095003C20BB /* Debug */ = {
			isa = XCBuildConfiguration;
			buildSettings = {
				CODE_SIGN_IDENTITY = "iPhone Developer";
				CODE_SIGN_STYLE = Automatic;
				DEVELOPMENT_TEAM = H92U9KV5T2;
				INFOPLIST_FILE = extension/Info.plist;
				IPHONEOS_DEPLOYMENT_TARGET = 11.0;
				LD_RUNPATH_SEARCH_PATHS = (
					"$(inherited)",
					"@executable_path/Frameworks",
					"@executable_path/../../Frameworks",
				);
				PRODUCT_BUNDLE_IDENTIFIER = com.hyeri.FoodFighter.extension;
				PRODUCT_NAME = "$(TARGET_NAME)";
				PROVISIONING_PROFILE_SPECIFIER = "";
				SKIP_INSTALL = YES;
				SWIFT_VERSION = 4.0;
				TARGETED_DEVICE_FAMILY = 1;
			};
			name = Debug;
		};
		356A591A210E1095003C20BB /* Release */ = {
			isa = XCBuildConfiguration;
			buildSettings = {
				CODE_SIGN_IDENTITY = "iPhone Developer";
				CODE_SIGN_STYLE = Automatic;
				DEVELOPMENT_TEAM = H92U9KV5T2;
				INFOPLIST_FILE = extension/Info.plist;
				IPHONEOS_DEPLOYMENT_TARGET = 11.0;
				LD_RUNPATH_SEARCH_PATHS = (
					"$(inherited)",
					"@executable_path/Frameworks",
					"@executable_path/../../Frameworks",
				);
				PRODUCT_BUNDLE_IDENTIFIER = com.hyeri.FoodFighter.extension;
				PRODUCT_NAME = "$(TARGET_NAME)";
				PROVISIONING_PROFILE_SPECIFIER = "";
				SKIP_INSTALL = YES;
				SWIFT_VERSION = 4.0;
				TARGETED_DEVICE_FAMILY = 1;
			};
			name = Release;
		};
/* End XCBuildConfiguration section */

/* Begin XCConfigurationList section */
		3551E87D210CF5B2009DF002 /* Build configuration list for PBXProject "FoodFighter" */ = {
			isa = XCConfigurationList;
			buildConfigurations = (
				3551E892210CF5B5009DF002 /* Debug */,
				3551E893210CF5B5009DF002 /* Release */,
			);
			defaultConfigurationIsVisible = 0;
			defaultConfigurationName = Release;
		};
		3551E894210CF5B5009DF002 /* Build configuration list for PBXNativeTarget "FoodFighter" */ = {
			isa = XCConfigurationList;
			buildConfigurations = (
				3551E895210CF5B5009DF002 /* Debug */,
				3551E896210CF5B5009DF002 /* Release */,
			);
			defaultConfigurationIsVisible = 0;
			defaultConfigurationName = Release;
		};
		356A5918210E1095003C20BB /* Build configuration list for PBXNativeTarget "extension" */ = {
			isa = XCConfigurationList;
			buildConfigurations = (
				356A5919210E1095003C20BB /* Debug */,
				356A591A210E1095003C20BB /* Release */,
			);
			defaultConfigurationIsVisible = 0;
			defaultConfigurationName = Release;
		};
/* End XCConfigurationList section */
	};
	rootObject = 3551E87A210CF5B2009DF002 /* Project object */;
}
